<?xml version="1.0" encoding="utf-8"?>
<Project ToolsVersion="4.0" xmlns="http://schemas.microsoft.com/developer/msbuild/2003">
  <ItemGroup>
    <Filter Include="Source Files">
      <UniqueIdentifier>{4FC737F1-C7A5-4376-A066-2A32D752A2FF}</UniqueIdentifier>
      <Extensions>cpp;c;cc;cxx;c++;def;odl;idl;hpj;bat;asm;asmx</Extensions>
    </Filter>
    <Filter Include="Header Files">
      <UniqueIdentifier>{93995380-89BD-4b04-88EB-625FBE52EBFB}</UniqueIdentifier>
      <Extensions>h;hh;hpp;hxx;h++;hm;inl;inc;ipp;xsd</Extensions>
    </Filter>
    <Filter Include="Resource Files">
      <UniqueIdentifier>{67DA6AB6-F800-4c08-8B7A-83BB121AAD01}</UniqueIdentifier>
      <Extensions>rc;ico;cur;bmp;dlg;rc2;rct;bin;rgs;gif;jpg;jpeg;jpe;resx;tiff;tif;png;wav;mfcribbon-ms</Extensions>
    </Filter>
    <Filter Include="Source Files\pipe">
      <UniqueIdentifier>{49881af1-1171-4cb2-b575-67cdc7ff2e22}</UniqueIdentifier>
    </Filter>
    <Filter Include="Header Files\pipe">
      <UniqueIdentifier>{9ca97e5d-b822-4562-b5bc-d5f97b48cd34}</UniqueIdentifier>
    </Filter>
    <Filter Include="Source Files\utils">
      <UniqueIdentifier>{818c0f19-b838-4429-9d84-410cd9b9597a}</UniqueIdentifier>
    </Filter>
    <Filter Include="Source Files\helper">
      <UniqueIdentifier>{993fa3a1-d61c-450c-8c5b-d07475bfd499}</UniqueIdentifier>
    </Filter>
    <Filter Include="Header Files\helper">
      <UniqueIdentifier>{073d36fc-63f5-475e-be87-1b8f1171d610}</UniqueIdentifier>
    </Filter>
    <Filter Include="Header Files\hook">
      <UniqueIdentifier>{9aec9729-254b-48b7-b5e7-52f9d7c4f8c9}</UniqueIdentifier>
    </Filter>
    <Filter Include="Source Files\hook">
      <UniqueIdentifier>{d06d0726-9f00-4f6c-b838-943f227e6777}</UniqueIdentifier>
    </Filter>
    <Filter Include="Header Files\utils">
      <UniqueIdentifier>{4a040a4d-1c76-4e30-91e9-44ded83e4fe1}</UniqueIdentifier>
    </Filter>
    <Filter Include="Source Files\nlohmann">
      <UniqueIdentifier>{e968c15f-6f4c-40b3-bb37-7334a81c42da}</UniqueIdentifier>
    </Filter>
  </ItemGroup>
  <ItemGroup>
    <ClCompile Include="dllmain.cpp">
      <Filter>Source Files</Filter>
    </ClCompile>
    <ClCompile Include="comms\namedpipe.cpp">
      <Filter>Source Files\pipe</Filter>
    </ClCompile>
    <ClCompile Include="hook\detour.cpp">
      <Filter>Source Files\hook</Filter>
    </ClCompile>
    <ClCompile Include="utils\memory.cpp">
      <Filter>Source Files\utils</Filter>
    </ClCompile>
    <ClCompile Include="utils\base64.cpp">
      <Filter>Source Files\utils</Filter>
    </ClCompile>
  </ItemGroup>
  <ItemGroup>
    <ClInclude Include="comms\namedpipe.h">
      <Filter>Header Files\pipe</Filter>
    </ClInclude>
    <ClInclude Include="hook\detour.h">
      <Filter>Header Files\hook</Filter>
    </ClInclude>
    <ClInclude Include="hook\hookmgr.hpp">
      <Filter>Source Files\hook</Filter>
    </ClInclude>
    <ClInclude Include="utils\definition.hpp">
      <Filter>Source Files\utils</Filter>
    </ClInclude>
    <ClInclude Include="utils\memory.h">
      <Filter>Header Files\utils</Filter>
    </ClInclude>
    <ClInclude Include="nlohmann\json.hpp">
      <Filter>Source Files\nlohmann</Filter>
    </ClInclude>
    <ClInclude Include="utils\base64.h">
      <Filter>Header Files\utils</Filter>
    </ClInclude>
    <ClInclude Include="comms\definitions.hpp">
      <Filter>Source Files\pipe</Filter>
    </ClInclude>
  </ItemGroup>
</Project>