<?xml version="1.0" encoding="utf-8"?>
<Project ToolsVersion="4.0" xmlns="http://schemas.microsoft.com/developer/msbuild/2003">
  <ItemGroup>
    <Filter Include="Source Files">
      <UniqueIdentifier>{4FC737F1-C7A5-4376-A066-2A32D752A2FF}</UniqueIdentifier>
      <Extensions>cpp;c;cc;cxx;c++;def;odl;idl;hpj;bat;asm;asmx</Extensions>
    </Filter>
    <Filter Include="Header Files">
      <UniqueIdentifier>{93995380-89BD-4b04-88EB-625FBE52EBFB}</UniqueIdentifier>
      <Extensions>h;hh;hpp;hxx;h++;hm;inl;inc;ipp;xsd</Extensions>
    </Filter>
    <Filter Include="Resource Files">
      <UniqueIdentifier>{67DA6AB6-F800-4c08-8B7A-83BB121AAD01}</UniqueIdentifier>
      <Extensions>rc;ico;cur;bmp;dlg;rc2;rct;bin;rgs;gif;jpg;jpeg;jpe;resx;tiff;tif;png;wav;mfcribbon-ms</Extensions>
    </Filter>
    <Filter Include="Source Files\utils">
      <UniqueIdentifier>{818c0f19-b838-4429-9d84-410cd9b9597a}</UniqueIdentifier>
    </Filter>
    <Filter Include="Source Files\helper">
      <UniqueIdentifier>{993fa3a1-d61c-450c-8c5b-d07475bfd499}</UniqueIdentifier>
    </Filter>
    <Filter Include="Header Files\helper">
      <UniqueIdentifier>{073d36fc-63f5-475e-be87-1b8f1171d610}</UniqueIdentifier>
    </Filter>
    <Filter Include="Header Files\hook">
      <UniqueIdentifier>{9aec9729-254b-48b7-b5e7-52f9d7c4f8c9}</UniqueIdentifier>
    </Filter>
    <Filter Include="Source Files\hook">
      <UniqueIdentifier>{d06d0726-9f00-4f6c-b838-943f227e6777}</UniqueIdentifier>
    </Filter>
    <Filter Include="Header Files\utils">
      <UniqueIdentifier>{4a040a4d-1c76-4e30-91e9-44ded83e4fe1}</UniqueIdentifier>
    </Filter>
    <Filter Include="Source Files\nlohmann">
      <UniqueIdentifier>{e968c15f-6f4c-40b3-bb37-7334a81c42da}</UniqueIdentifier>
    </Filter>
    <Filter Include="Source Files\comms">
      <UniqueIdentifier>{c68c3e27-3902-4c3d-8d1a-356c202873bf}</UniqueIdentifier>
    </Filter>
    <Filter Include="Source Files\definitions">
      <UniqueIdentifier>{ed9f45a2-4ca6-45d7-85a9-8db6b5c4fbcb}</UniqueIdentifier>
    </Filter>
    <Filter Include="Source Files\packet">
      <UniqueIdentifier>{ce5994fa-fc1d-405c-9288-fbee9e7bf7b9}</UniqueIdentifier>
    </Filter>
    <Filter Include="Header Files\packet">
      <UniqueIdentifier>{d69d3c1c-d296-4e16-a32b-b6374df8f0f4}</UniqueIdentifier>
    </Filter>
    <Filter Include="Source Files\patches">
      <UniqueIdentifier>{16bb4d62-8d01-48ed-8b69-76bc04f53c80}</UniqueIdentifier>
    </Filter>
    <Filter Include="Header Files\patches">
      <UniqueIdentifier>{3826195e-19b5-4639-b2f6-d1a8642e5a82}</UniqueIdentifier>
    </Filter>
    <Filter Include="Header Files\definitions">
      <UniqueIdentifier>{138836f0-94c1-42e8-bbab-d0fe2a999961}</UniqueIdentifier>
    </Filter>
    <Filter Include="Source Files\job">
      <UniqueIdentifier>{cdd7891a-b32d-4a55-b82b-a0acf583a230}</UniqueIdentifier>
    </Filter>
    <Filter Include="Header Files\job">
      <UniqueIdentifier>{fab58088-1d84-4600-b4ed-7d6cc3bb98a2}</UniqueIdentifier>
    </Filter>
    <Filter Include="Source Files\dispatcher">
      <UniqueIdentifier>{49881af1-1171-4cb2-b575-67cdc7ff2e22}</UniqueIdentifier>
    </Filter>
    <Filter Include="Source Files\receiver">
      <UniqueIdentifier>{912e5d52-0b0a-4753-9f0b-15f4448b94a4}</UniqueIdentifier>
    </Filter>
    <Filter Include="Header Files\dispatcher">
      <UniqueIdentifier>{9ca97e5d-b822-4562-b5bc-d5f97b48cd34}</UniqueIdentifier>
    </Filter>
    <Filter Include="Header Files\receiver">
      <UniqueIdentifier>{a0badf7b-8dab-4835-8e25-7846c9db3920}</UniqueIdentifier>
    </Filter>
    <Filter Include="Header Files\dispatcher\type">
      <UniqueIdentifier>{ff2a4ec6-ba3a-4889-8dd3-9dc1a46d3f50}</UniqueIdentifier>
    </Filter>
    <Filter Include="Source Files\dispatcher\type">
      <UniqueIdentifier>{7b6057c0-b03b-467c-b588-1f6424a0e0c7}</UniqueIdentifier>
    </Filter>
    <Filter Include="Source Files\dispatcher\type\impl">
      <UniqueIdentifier>{1f1a6f11-8a91-436b-a8c7-7e5e387ec454}</UniqueIdentifier>
    </Filter>
    <Filter Include="Header Files\dispatcher\type\impl">
      <UniqueIdentifier>{ad38bd36-1fd1-499b-a4aa-a06e7bdeb0db}</UniqueIdentifier>
    </Filter>
  </ItemGroup>
  <ItemGroup>
    <ClCompile Include="dllmain.cpp">
      <Filter>Source Files</Filter>
    </ClCompile>
    <ClCompile Include="dispatcher\namedpipedispatcher.cpp">
      <Filter>Source Files\dispatcher</Filter>
    </ClCompile>
    <ClCompile Include="hook\detour.cpp">
      <Filter>Source Files\hook</Filter>
    </ClCompile>
    <ClCompile Include="utils\memory.cpp">
      <Filter>Source Files\utils</Filter>
    </ClCompile>
    <ClCompile Include="utils\base64.cpp">
      <Filter>Source Files\utils</Filter>
    </ClCompile>
    <ClCompile Include="packet\filter.cpp">
      <Filter>Source Files\packet</Filter>
    </ClCompile>
    <ClCompile Include="application.cpp">
      <Filter>Source Files</Filter>
    </ClCompile>
    <ClCompile Include="receiver\namedpipereceiver.cpp">
      <Filter>Source Files\receiver</Filter>
    </ClCompile>
    <ClCompile Include="patches\connect.cpp">
      <Filter>Source Files\patches</Filter>
    </ClCompile>
    <ClCompile Include="patches\send.cpp">
      <Filter>Source Files\patches</Filter>
    </ClCompile>
    <ClCompile Include="patches\recv.cpp">
      <Filter>Source Files\patches</Filter>
    </ClCompile>
    <ClCompile Include="patches\close.cpp">
      <Filter>Source Files\patches</Filter>
    </ClCompile>
    <ClCompile Include="patches\wsasend.cpp">
      <Filter>Source Files\patches</Filter>
    </ClCompile>
    <ClCompile Include="patches\wsaconnect.cpp">
      <Filter>Source Files\patches</Filter>
    </ClCompile>
    <ClCompile Include="patches\wsarecv.cpp">
      <Filter>Source Files\patches</Filter>
    </ClCompile>
    <ClCompile Include="utils\guid.cpp">
      <Filter>Source Files\utils</Filter>
    </ClCompile>
    <ClCompile Include="patches\select.cpp">
      <Filter>Source Files\patches</Filter>
    </ClCompile>
    <ClCompile Include="patches\ioctlsocket.cpp">
      <Filter>Source Files\patches</Filter>
    </ClCompile>
    <ClCompile Include="patches\socket.cpp">
      <Filter>Source Files\patches</Filter>
    </ClCompile>
    <ClCompile Include="patches\wsasocketa.cpp">
      <Filter>Source Files\patches</Filter>
    </ClCompile>
    <ClCompile Include="patches\wsasocketw.cpp">
      <Filter>Source Files\patches</Filter>
    </ClCompile>
    <ClCompile Include="exports.cpp">
      <Filter>Source Files</Filter>
    </ClCompile>
    <ClCompile Include="utils\assert.cpp">
      <Filter>Source Files\utils</Filter>
    </ClCompile>
    <ClCompile Include="utils\packetjsonwrapper.cpp">
      <Filter>Source Files\utils</Filter>
    </ClCompile>
    <ClCompile Include="job\jobqueue.cpp">
      <Filter>Source Files\job</Filter>
    </ClCompile>
    <ClCompile Include="dispatcher\type\addpacketfilterresponse.cpp">
      <Filter>Source Files\dispatcher\type</Filter>
    </ClCompile>
    <ClCompile Include="dispatcher\type\connectedsuccessmessage.cpp">
      <Filter>Source Files\dispatcher\type</Filter>
    </ClCompile>
    <ClCompile Include="dispatcher\type\errormessage.cpp">
      <Filter>Source Files\dispatcher\type</Filter>
    </ClCompile>
    <ClCompile Include="dispatcher\type\errormessageresponse.cpp">
      <Filter>Source Files\dispatcher\type</Filter>
    </ClCompile>
    <ClCompile Include="dispatcher\type\externalmessage.cpp">
      <Filter>Source Files\dispatcher\type</Filter>
    </ClCompile>
    <ClCompile Include="dispatcher\type\genericpacketfilterresponse.cpp">
      <Filter>Source Files\dispatcher\type</Filter>
    </ClCompile>
    <ClCompile Include="dispatcher\type\hookedfunctioncallpacketmessage.cpp">
      <Filter>Source Files\dispatcher\type</Filter>
    </ClCompile>
    <ClCompile Include="dispatcher\type\hookedfunctioncallsocketmessage.cpp">
      <Filter>Source Files\dispatcher\type</Filter>
    </ClCompile>
    <ClCompile Include="dispatcher\type\infomessage.cpp">
      <Filter>Source Files\dispatcher\type</Filter>
    </ClCompile>
    <ClCompile Include="dispatcher\type\issocketwritableresponse.cpp">
      <Filter>Source Files\dispatcher\type</Filter>
    </ClCompile>
    <ClCompile Include="dispatcher\type\pongmessageresponse.cpp">
      <Filter>Source Files\dispatcher\type</Filter>
    </ClCompile>
    <ClCompile Include="dispatcher\type\socketinforesponse.cpp">
      <Filter>Source Files\dispatcher\type</Filter>
    </ClCompile>
    <ClCompile Include="dispatcher\type\wsarecvfunctioncallmessage.cpp">
      <Filter>Source Files\dispatcher\type</Filter>
    </ClCompile>
    <ClCompile Include="dispatcher\type\wsasendfunctioncallmessage.cpp">
      <Filter>Source Files\dispatcher\type</Filter>
    </ClCompile>
    <ClCompile Include="dispatcher\type\impl\imessage.cpp">
      <Filter>Source Files\dispatcher\type\impl</Filter>
    </ClCompile>
    <ClCompile Include="dispatcher\type\impl\imessageresponse.cpp">
      <Filter>Source Files\dispatcher\type\impl</Filter>
    </ClCompile>
    <ClCompile Include="dispatcher\type\impl\imessagewithresponse.cpp">
      <Filter>Source Files\dispatcher\type\impl</Filter>
    </ClCompile>
  </ItemGroup>
  <ItemGroup>
    <ClInclude Include="dispatcher\namedpipedispatcher.h">
      <Filter>Header Files\dispatcher</Filter>
    </ClInclude>
    <ClInclude Include="hook\detour.h">
      <Filter>Header Files\hook</Filter>
    </ClInclude>
    <ClInclude Include="hook\hookmgr.hpp">
      <Filter>Source Files\hook</Filter>
    </ClInclude>
    <ClInclude Include="utils\definition.hpp">
      <Filter>Source Files\utils</Filter>
    </ClInclude>
    <ClInclude Include="utils\memory.h">
      <Filter>Header Files\utils</Filter>
    </ClInclude>
    <ClInclude Include="utils\base64.h">
      <Filter>Header Files\utils</Filter>
    </ClInclude>
    <ClInclude Include="nlohmann\json.hpp">
      <Filter>Source Files\nlohmann</Filter>
    </ClInclude>
    <ClInclude Include="utils\util.h">
      <Filter>Header Files\utils</Filter>
    </ClInclude>
    <ClInclude Include="packet\filter.h">
      <Filter>Header Files\packet</Filter>
    </ClInclude>
    <ClInclude Include="packet\type.h">
      <Filter>Header Files\packet</Filter>
    </ClInclude>
    <ClInclude Include="application.h">
      <Filter>Header Files</Filter>
    </ClInclude>
    <ClInclude Include="receiver\ireceiver.h">
      <Filter>Header Files\receiver</Filter>
    </ClInclude>
    <ClInclude Include="receiver\namedpipereceiver.h">
      <Filter>Header Files\receiver</Filter>
    </ClInclude>
    <ClInclude Include="receiver\incomingmessage.h">
      <Filter>Header Files\receiver</Filter>
    </ClInclude>
    <ClInclude Include="patches\functions.h">
      <Filter>Header Files\patches</Filter>
    </ClInclude>
    <ClInclude Include="utils\guid.h">
      <Filter>Header Files\utils</Filter>
    </ClInclude>
    <ClInclude Include="definitions\socketdata.h">
      <Filter>Header Files\definitions</Filter>
    </ClInclude>
    <ClInclude Include="utils\assert.h">
      <Filter>Header Files\utils</Filter>
    </ClInclude>
    <ClInclude Include="utils\packetjsonwrapper.h">
      <Filter>Header Files\utils</Filter>
    </ClInclude>
    <ClInclude Include="job\jobqueue.h">
      <Filter>Header Files\job</Filter>
    </ClInclude>
    <ClInclude Include="job\jobmessagetype.h">
      <Filter>Header Files\job</Filter>
    </ClInclude>
    <ClInclude Include="dispatcher\uimessagetype.h">
      <Filter>Header Files\dispatcher</Filter>
    </ClInclude>
    <ClInclude Include="receiver\spymessagetype.h">
      <Filter>Header Files\receiver</Filter>
    </ClInclude>
    <ClInclude Include="definitions\definitions.h">
      <Filter>Header Files\definitions</Filter>
    </ClInclude>
    <ClInclude Include="dispatcher\type\impl\imessage.h">
      <Filter>Header Files\dispatcher\type\impl</Filter>
    </ClInclude>
    <ClInclude Include="dispatcher\type\impl\imessageresponse.h">
      <Filter>Header Files\dispatcher\type\impl</Filter>
    </ClInclude>
    <ClInclude Include="dispatcher\type\impl\imessagewithresponse.h">
      <Filter>Header Files\dispatcher\type\impl</Filter>
    </ClInclude>
  </ItemGroup>
</Project>