<?xml version="1.0" encoding="utf-8"?>
<Project ToolsVersion="4.0" xmlns="http://schemas.microsoft.com/developer/msbuild/2003">
  <ItemGroup>
    <Filter Include="Source Files">
      <UniqueIdentifier>{4FC737F1-C7A5-4376-A066-2A32D752A2FF}</UniqueIdentifier>
      <Extensions>cpp;c;cc;cxx;c++;def;odl;idl;hpj;bat;asm;asmx</Extensions>
    </Filter>
    <Filter Include="Header Files">
      <UniqueIdentifier>{93995380-89BD-4b04-88EB-625FBE52EBFB}</UniqueIdentifier>
      <Extensions>h;hh;hpp;hxx;h++;hm;inl;inc;ipp;xsd</Extensions>
    </Filter>
    <Filter Include="Resource Files">
      <UniqueIdentifier>{67DA6AB6-F800-4c08-8B7A-83BB121AAD01}</UniqueIdentifier>
      <Extensions>rc;ico;cur;bmp;dlg;rc2;rct;bin;rgs;gif;jpg;jpeg;jpe;resx;tiff;tif;png;wav;mfcribbon-ms</Extensions>
    </Filter>
    <Filter Include="Source Files\pipe">
      <UniqueIdentifier>{49881af1-1171-4cb2-b575-67cdc7ff2e22}</UniqueIdentifier>
    </Filter>
    <Filter Include="Header Files\pipe">
      <UniqueIdentifier>{9ca97e5d-b822-4562-b5bc-d5f97b48cd34}</UniqueIdentifier>
    </Filter>
    <Filter Include="Source Files\utils">
      <UniqueIdentifier>{818c0f19-b838-4429-9d84-410cd9b9597a}</UniqueIdentifier>
    </Filter>
    <Filter Include="Source Files\helper">
      <UniqueIdentifier>{993fa3a1-d61c-450c-8c5b-d07475bfd499}</UniqueIdentifier>
    </Filter>
    <Filter Include="Header Files\helper">
      <UniqueIdentifier>{073d36fc-63f5-475e-be87-1b8f1171d610}</UniqueIdentifier>
    </Filter>
    <Filter Include="Header Files\hook">
      <UniqueIdentifier>{9aec9729-254b-48b7-b5e7-52f9d7c4f8c9}</UniqueIdentifier>
    </Filter>
    <Filter Include="Source Files\hook">
      <UniqueIdentifier>{d06d0726-9f00-4f6c-b838-943f227e6777}</UniqueIdentifier>
    </Filter>
    <Filter Include="Header Files\utils">
      <UniqueIdentifier>{4a040a4d-1c76-4e30-91e9-44ded83e4fe1}</UniqueIdentifier>
    </Filter>
    <Filter Include="Source Files\nlohmann">
      <UniqueIdentifier>{e968c15f-6f4c-40b3-bb37-7334a81c42da}</UniqueIdentifier>
    </Filter>
    <Filter Include="Source Files\comms">
      <UniqueIdentifier>{c68c3e27-3902-4c3d-8d1a-356c202873bf}</UniqueIdentifier>
    </Filter>
    <Filter Include="Header Files\zlib">
      <UniqueIdentifier>{9cdd5527-0ebf-4292-8146-3fe72dd80222}</UniqueIdentifier>
    </Filter>
    <Filter Include="Source Files\definitions">
      <UniqueIdentifier>{ed9f45a2-4ca6-45d7-85a9-8db6b5c4fbcb}</UniqueIdentifier>
    </Filter>
    <Filter Include="Source Files\packet">
      <UniqueIdentifier>{ce5994fa-fc1d-405c-9288-fbee9e7bf7b9}</UniqueIdentifier>
    </Filter>
    <Filter Include="Header Files\packet">
      <UniqueIdentifier>{d69d3c1c-d296-4e16-a32b-b6374df8f0f4}</UniqueIdentifier>
    </Filter>
    <Filter Include="Header Files\server">
      <UniqueIdentifier>{a0badf7b-8dab-4835-8e25-7846c9db3920}</UniqueIdentifier>
    </Filter>
    <Filter Include="Source Files\server">
      <UniqueIdentifier>{912e5d52-0b0a-4753-9f0b-15f4448b94a4}</UniqueIdentifier>
    </Filter>
    <Filter Include="Source Files\patches">
      <UniqueIdentifier>{16bb4d62-8d01-48ed-8b69-76bc04f53c80}</UniqueIdentifier>
    </Filter>
    <Filter Include="Header Files\patches">
      <UniqueIdentifier>{3826195e-19b5-4639-b2f6-d1a8642e5a82}</UniqueIdentifier>
    </Filter>
  </ItemGroup>
  <ItemGroup>
    <ClCompile Include="dllmain.cpp">
      <Filter>Source Files</Filter>
    </ClCompile>
    <ClCompile Include="pipe\namedpipeclient.cpp">
      <Filter>Source Files\pipe</Filter>
    </ClCompile>
    <ClCompile Include="hook\detour.cpp">
      <Filter>Source Files\hook</Filter>
    </ClCompile>
    <ClCompile Include="utils\memory.cpp">
      <Filter>Source Files\utils</Filter>
    </ClCompile>
    <ClCompile Include="utils\base64.cpp">
      <Filter>Source Files\utils</Filter>
    </ClCompile>
    <ClCompile Include="utils\util.cpp">
      <Filter>Source Files\utils</Filter>
    </ClCompile>
    <ClCompile Include="packet\filter.cpp">
      <Filter>Source Files\packet</Filter>
    </ClCompile>
    <ClCompile Include="application.cpp">
      <Filter>Source Files</Filter>
    </ClCompile>
    <ClCompile Include="server\namedpipeserver.cpp">
      <Filter>Source Files\server</Filter>
    </ClCompile>
    <ClCompile Include="patches\connect.cpp">
      <Filter>Source Files\patches</Filter>
    </ClCompile>
    <ClCompile Include="patches\send.cpp">
      <Filter>Source Files\patches</Filter>
    </ClCompile>
    <ClCompile Include="patches\recv.cpp">
      <Filter>Source Files\patches</Filter>
    </ClCompile>
    <ClCompile Include="patches\close.cpp">
      <Filter>Source Files\patches</Filter>
    </ClCompile>
    <ClCompile Include="patches\wsasend.cpp">
      <Filter>Source Files\patches</Filter>
    </ClCompile>
    <ClCompile Include="patches\wsaconnect.cpp">
      <Filter>Source Files\patches</Filter>
    </ClCompile>
    <ClCompile Include="patches\wsarecv.cpp">
      <Filter>Source Files\patches</Filter>
    </ClCompile>
    <ClCompile Include="utils\guid.cpp">
      <Filter>Source Files\utils</Filter>
    </ClCompile>
  </ItemGroup>
  <ItemGroup>
    <ClInclude Include="pipe\namedpipeclient.h">
      <Filter>Header Files\pipe</Filter>
    </ClInclude>
    <ClInclude Include="hook\detour.h">
      <Filter>Header Files\hook</Filter>
    </ClInclude>
    <ClInclude Include="hook\hookmgr.hpp">
      <Filter>Source Files\hook</Filter>
    </ClInclude>
    <ClInclude Include="utils\definition.hpp">
      <Filter>Source Files\utils</Filter>
    </ClInclude>
    <ClInclude Include="utils\memory.h">
      <Filter>Header Files\utils</Filter>
    </ClInclude>
    <ClInclude Include="utils\base64.h">
      <Filter>Header Files\utils</Filter>
    </ClInclude>
    <ClInclude Include="nlohmann\json.hpp">
      <Filter>Source Files\nlohmann</Filter>
    </ClInclude>
    <ClInclude Include="zlib\zconf.h">
      <Filter>Header Files\zlib</Filter>
    </ClInclude>
    <ClInclude Include="zlib\zlib.h">
      <Filter>Header Files\zlib</Filter>
    </ClInclude>
    <ClInclude Include="utils\util.h">
      <Filter>Header Files\utils</Filter>
    </ClInclude>
    <ClInclude Include="definitions\definitions.hpp">
      <Filter>Source Files\definitions</Filter>
    </ClInclude>
    <ClInclude Include="packet\filter.h">
      <Filter>Header Files\packet</Filter>
    </ClInclude>
    <ClInclude Include="packet\type.h">
      <Filter>Header Files\packet</Filter>
    </ClInclude>
    <ClInclude Include="application.h">
      <Filter>Header Files</Filter>
    </ClInclude>
    <ClInclude Include="server\iserver.h">
      <Filter>Header Files\server</Filter>
    </ClInclude>
    <ClInclude Include="server\namedpipeserver.h">
      <Filter>Header Files\server</Filter>
    </ClInclude>
    <ClInclude Include="server\incomingmessage.h">
      <Filter>Header Files\server</Filter>
    </ClInclude>
    <ClInclude Include="patches\functions.h">
      <Filter>Header Files\patches</Filter>
    </ClInclude>
    <ClInclude Include="utils\guid.h">
      <Filter>Header Files\utils</Filter>
    </ClInclude>
  </ItemGroup>
</Project>